
Microsoft Visual Studio Solution File, Format Version 12.00
# Visual Studio Version 16
VisualStudioVersion = 16.0.31313.79
MinimumVisualStudioVersion = 10.0.40219.1
Project("{FAE04EC0-301F-11D3-BF4B-00C04F79EFBC}") = "WordPad_CSharp", "WordPad_CSharp\WordPad_CSharp.csproj", "{7CB77F44-CE4D-4308-9FF2-91AD45075506}"
EndProject
Global
	GlobalSection(SolutionConfigurationPlatforms) = preSolution
		Debug|Any CPU = Debug|Any CPU
		Release|Any CPU = Release|Any CPU
	EndGlobalSection
	GlobalSection(ProjectConfigurationPlatforms) = postSolution
		{7CB77F44-CE4D-4308-9FF2-91AD45075506}.Debug|Any CPU.ActiveCfg = Debug|Any CPU
		{7CB77F44-CE4D-4308-9FF2-91AD45075506}.Debug|Any CPU.Build.0 = Debug|Any CPU
		{7CB77F44-CE4D-4308-9FF2-91AD45075506}.Release|Any CPU.ActiveCfg = Release|Any CPU
		{7CB77F44-CE4D-4308-9FF2-91AD45075506}.Release|Any CPU.Build.0 = Release|Any CPU
	EndGlobalSection
	GlobalSection(SolutionProperties) = preSolution
		HideSolutionNode = FALSE
	EndGlobalSection
	GlobalSection(ExtensibilityGlobals) = postSolution
		SolutionGuid = {85F01B40-052D-49EE-9FFA-2A3A16425518}
	EndGlobalSection
EndGlobal
